<?xml version="1.0" encoding="utf-8"?>
<Project ToolsVersion="4.0" xmlns="http://schemas.microsoft.com/developer/msbuild/2003">
  <ItemGroup>
    <Filter Include="Resource Files">
      <UniqueIdentifier>{67DA6AB6-F800-4c08-8B7A-83BB121AAD01}</UniqueIdentifier>
      <Extensions>rc;ico;cur;bmp;dlg;rc2;rct;bin;rgs;gif;jpg;jpeg;jpe;resx;tiff;tif;png;wav;mfcribbon-ms</Extensions>
    </Filter>
    <Filter Include="Core">
      <UniqueIdentifier>{579a6ab1-da3e-4309-be9e-c655152148c4}</UniqueIdentifier>
    </Filter>
    <Filter Include="Core\Engine">
      <UniqueIdentifier>{efb22701-0e1c-44c1-8fec-ff5808f06682}</UniqueIdentifier>
    </Filter>
    <Filter Include="Core\Debug">
      <UniqueIdentifier>{0f04524d-b6b8-40cb-b81f-e43b8749bc46}</UniqueIdentifier>
    </Filter>
    <Filter Include="Libraries">
      <UniqueIdentifier>{5aeca2fa-ba93-4d9d-80e8-32096d8aae0f}</UniqueIdentifier>
    </Filter>
    <Filter Include="Documentation">
      <UniqueIdentifier>{d5fa81a9-01f4-4476-926b-40a95a31f554}</UniqueIdentifier>
    </Filter>
    <Filter Include="Core\Systems">
      <UniqueIdentifier>{88dab47a-8167-486e-a062-356197ed9e89}</UniqueIdentifier>
    </Filter>
    <Filter Include="Core\Systems\Window">
      <UniqueIdentifier>{495158d8-2e33-4653-b3e2-1920b9ab0715}</UniqueIdentifier>
    </Filter>
  </ItemGroup>
  <ItemGroup>
    <ClCompile Include="Core\Main.cpp">
      <Filter>Core</Filter>
    </ClCompile>
    <ClCompile Include="Core\Engine\Engine.cpp">
      <Filter>Core\Engine</Filter>
    </ClCompile>
    <ClCompile Include="Core\Systems\Window\WindowSFML.cpp">
      <Filter>Core\Systems\Window</Filter>
    </ClCompile>
    <ClCompile Include="Core\Systems\System.cpp">
      <Filter>Core\Systems</Filter>
    </ClCompile>
  </ItemGroup>
  <ItemGroup>
    <ClInclude Include="Core\Engine\Engine.h">
      <Filter>Core\Engine</Filter>
    </ClInclude>
    <ClInclude Include="Core\Debug\Debug.h">
      <Filter>Core\Debug</Filter>
    </ClInclude>
    <ClInclude Include="Libraries\Timer.h">
      <Filter>Libraries</Filter>
    </ClInclude>
    <ClInclude Include="Core\Systems\Window\WindowSFML.h">
      <Filter>Core\Systems\Window</Filter>
    </ClInclude>
    <ClInclude Include="Core\Systems\System.h">
      <Filter>Core\Systems</Filter>
    </ClInclude>
  </ItemGroup>
  <ItemGroup>
    <Text Include="Documentation\Style Guide.txt">
      <Filter>Documentation</Filter>
    </Text>
  </ItemGroup>
</Project>